{
  "originHash" : "269eb2e41f10b681b25d249f958d4d70f6ae418c1eedc02ff7ad716fff634498",
  "pins" : [
    {
      "identity" : "aunit",
      "kind" : "remoteSourceControl",
      "location" : "https://github.com/RapboyGao/AUnit.git",
      "state" : {
        "branch" : "main",
        "revision" : "5860330caf4fd98c666c827ca8971da58d9c0a4d"
      }
    },
    {
      "identity" : "aunits",
      "kind" : "remoteSourceControl",
      "location" : "https://github.com/RapboyGao/AUnits.git",
      "state" : {
        "branch" : "main",
        "revision" : "21e5b4f353c9904a8a187bf018639d3d99684854"
      }
    },
    {
      "identity" : "aviewui",
      "kind" : "remoteSourceControl",
      "location" : "https://github.com/RapboyGao/AViewUI.git",
      "state" : {
        "branch" : "main",
        "revision" : "d4ad205c5e10e3e218c633f3e7e11734a0e4397d"
      }
    },
    {
      "identity" : "swift-numerics",
      "kind" : "remoteSourceControl",
      "location" : "https://github.com/apple/swift-numerics",
      "state" : {
        "branch" : "main",
        "revision" : "e30276bff2ff5ed80566fbdca49f50aa160b0e83"
      }
    }
  ],
  "version" : 3
}
