{
  "originHash" : "a9f5639d9779d78c846c08144f71ead1b85c3d3a0b187c269159bf9dff646e45",
  "pins" : [
    {
      "identity" : "aunit",
      "kind" : "remoteSourceControl",
      "location" : "https://github.com/RapboyGao/AUnit.git",
      "state" : {
        "branch" : "main",
        "revision" : "0b03565d2df908ce9617a9a32c94cb0b23429aa8"
      }
    },
    {
      "identity" : "aviewui",
      "kind" : "remoteSourceControl",
      "location" : "https://github.com/RapboyGao/AViewUI.git",
      "state" : {
        "branch" : "main",
        "revision" : "d4ad205c5e10e3e218c633f3e7e11734a0e4397d"
      }
    },
    {
      "identity" : "swift-numerics",
      "kind" : "remoteSourceControl",
      "location" : "https://github.com/apple/swift-numerics",
      "state" : {
        "branch" : "main",
        "revision" : "e30276bff2ff5ed80566fbdca49f50aa160b0e83"
      }
    }
  ],
  "version" : 3
}
